
Microsoft Visual Studio Solution File, Format Version 12.00
# Visual Studio Version 17
VisualStudioVersion = 17.5.33530.505
MinimumVisualStudioVersion = 10.0.40219.1
Project("{8BC9CEB8-8B4A-11D0-8D11-00A0C91BC942}") = "操作符作业.c", "操作符作业.c\操作符作业.c.vcxproj", "{6A2BA85A-98ED-4FAB-8B0A-079D0818B0C1}"
EndProject
Global
	GlobalSection(SolutionConfigurationPlatforms) = preSolution
		Debug|x64 = Debug|x64
		Debug|x86 = Debug|x86
		Release|x64 = Release|x64
		Release|x86 = Release|x86
	EndGlobalSection
	GlobalSection(ProjectConfigurationPlatforms) = postSolution
		{6A2BA85A-98ED-4FAB-8B0A-079D0818B0C1}.Debug|x64.ActiveCfg = Debug|x64
		{6A2BA85A-98ED-4FAB-8B0A-079D0818B0C1}.Debug|x64.Build.0 = Debug|x64
		{6A2BA85A-98ED-4FAB-8B0A-079D0818B0C1}.Debug|x86.ActiveCfg = Debug|Win32
		{6A2BA85A-98ED-4FAB-8B0A-079D0818B0C1}.Debug|x86.Build.0 = Debug|Win32
		{6A2BA85A-98ED-4FAB-8B0A-079D0818B0C1}.Release|x64.ActiveCfg = Release|x64
		{6A2BA85A-98ED-4FAB-8B0A-079D0818B0C1}.Release|x64.Build.0 = Release|x64
		{6A2BA85A-98ED-4FAB-8B0A-079D0818B0C1}.Release|x86.ActiveCfg = Release|Win32
		{6A2BA85A-98ED-4FAB-8B0A-079D0818B0C1}.Release|x86.Build.0 = Release|Win32
	EndGlobalSection
	GlobalSection(SolutionProperties) = preSolution
		HideSolutionNode = FALSE
	EndGlobalSection
	GlobalSection(ExtensibilityGlobals) = postSolution
		SolutionGuid = {4CA997F3-CBFE-4CFE-BA84-37A05F194A5F}
	EndGlobalSection
EndGlobal
