
Microsoft Visual Studio Solution File, Format Version 12.00
# Visual Studio Version 17
VisualStudioVersion = 17.5.33530.505
MinimumVisualStudioVersion = 10.0.40219.1
Project("{8BC9CEB8-8B4A-11D0-8D11-00A0C91BC942}") = "数组编程作业", "数组编程作业\数组编程作业.vcxproj", "{9799EB34-CF8A-4DA3-A183-2FB3D341FA01}"
EndProject
Global
	GlobalSection(SolutionConfigurationPlatforms) = preSolution
		Debug|x64 = Debug|x64
		Debug|x86 = Debug|x86
		Release|x64 = Release|x64
		Release|x86 = Release|x86
	EndGlobalSection
	GlobalSection(ProjectConfigurationPlatforms) = postSolution
		{9799EB34-CF8A-4DA3-A183-2FB3D341FA01}.Debug|x64.ActiveCfg = Debug|x64
		{9799EB34-CF8A-4DA3-A183-2FB3D341FA01}.Debug|x64.Build.0 = Debug|x64
		{9799EB34-CF8A-4DA3-A183-2FB3D341FA01}.Debug|x86.ActiveCfg = Debug|Win32
		{9799EB34-CF8A-4DA3-A183-2FB3D341FA01}.Debug|x86.Build.0 = Debug|Win32
		{9799EB34-CF8A-4DA3-A183-2FB3D341FA01}.Release|x64.ActiveCfg = Release|x64
		{9799EB34-CF8A-4DA3-A183-2FB3D341FA01}.Release|x64.Build.0 = Release|x64
		{9799EB34-CF8A-4DA3-A183-2FB3D341FA01}.Release|x86.ActiveCfg = Release|Win32
		{9799EB34-CF8A-4DA3-A183-2FB3D341FA01}.Release|x86.Build.0 = Release|Win32
	EndGlobalSection
	GlobalSection(SolutionProperties) = preSolution
		HideSolutionNode = FALSE
	EndGlobalSection
	GlobalSection(ExtensibilityGlobals) = postSolution
		SolutionGuid = {68ED07D5-69B2-4816-A3FC-BA51E9CA70D7}
	EndGlobalSection
EndGlobal
