
Microsoft Visual Studio Solution File, Format Version 12.00
# Visual Studio Version 17
VisualStudioVersion = 17.5.33530.505
MinimumVisualStudioVersion = 10.0.40219.1
Project("{8BC9CEB8-8B4A-11D0-8D11-00A0C91BC942}") = "H12 n阶乘", "H12 n阶乘\H12 n阶乘.vcxproj", "{360D29BC-EFE2-49D6-B9E5-60DF2ADBF8EF}"
EndProject
Global
	GlobalSection(SolutionConfigurationPlatforms) = preSolution
		Debug|x64 = Debug|x64
		Debug|x86 = Debug|x86
		Release|x64 = Release|x64
		Release|x86 = Release|x86
	EndGlobalSection
	GlobalSection(ProjectConfigurationPlatforms) = postSolution
		{360D29BC-EFE2-49D6-B9E5-60DF2ADBF8EF}.Debug|x64.ActiveCfg = Debug|x64
		{360D29BC-EFE2-49D6-B9E5-60DF2ADBF8EF}.Debug|x64.Build.0 = Debug|x64
		{360D29BC-EFE2-49D6-B9E5-60DF2ADBF8EF}.Debug|x86.ActiveCfg = Debug|Win32
		{360D29BC-EFE2-49D6-B9E5-60DF2ADBF8EF}.Debug|x86.Build.0 = Debug|Win32
		{360D29BC-EFE2-49D6-B9E5-60DF2ADBF8EF}.Release|x64.ActiveCfg = Release|x64
		{360D29BC-EFE2-49D6-B9E5-60DF2ADBF8EF}.Release|x64.Build.0 = Release|x64
		{360D29BC-EFE2-49D6-B9E5-60DF2ADBF8EF}.Release|x86.ActiveCfg = Release|Win32
		{360D29BC-EFE2-49D6-B9E5-60DF2ADBF8EF}.Release|x86.Build.0 = Release|Win32
	EndGlobalSection
	GlobalSection(SolutionProperties) = preSolution
		HideSolutionNode = FALSE
	EndGlobalSection
	GlobalSection(ExtensibilityGlobals) = postSolution
		SolutionGuid = {F9332A53-981B-46C4-A7FC-2ECDB84DA4A2}
	EndGlobalSection
EndGlobal
